
Microsoft Visual Studio Solution File, Format Version 11.00
# Visual Studio 2010
Project("{FAE04EC0-301F-11D3-BF4B-00C04F79EFBC}") = "Assembly-CSharp", "Assembly-CSharp.csproj", "{BCFBAD95-69E3-36E5-6CFC-AA9C15FA71EE}"
EndProject
Project("{FAE04EC0-301F-11D3-BF4B-00C04F79EFBC}") = "Assembly-CSharp-Editor", "Assembly-CSharp-Editor.csproj", "{FAB492B1-8872-41F1-D02C-7F4E933838E3}"
EndProject
Global
	GlobalSection(SolutionConfigurationPlatforms) = preSolution
		Debug|Any CPU = Debug|Any CPU
		Release|Any CPU = Release|Any CPU
	EndGlobalSection
	GlobalSection(ProjectConfigurationPlatforms) = postSolution
		{BCFBAD95-69E3-36E5-6CFC-AA9C15FA71EE}.Debug|Any CPU.ActiveCfg = Debug|Any CPU
		{BCFBAD95-69E3-36E5-6CFC-AA9C15FA71EE}.Debug|Any CPU.Build.0 = Debug|Any CPU
		{BCFBAD95-69E3-36E5-6CFC-AA9C15FA71EE}.Release|Any CPU.ActiveCfg = Release|Any CPU
		{BCFBAD95-69E3-36E5-6CFC-AA9C15FA71EE}.Release|Any CPU.Build.0 = Release|Any CPU
		{FAB492B1-8872-41F1-D02C-7F4E933838E3}.Debug|Any CPU.ActiveCfg = Debug|Any CPU
		{FAB492B1-8872-41F1-D02C-7F4E933838E3}.Debug|Any CPU.Build.0 = Debug|Any CPU
		{FAB492B1-8872-41F1-D02C-7F4E933838E3}.Release|Any CPU.ActiveCfg = Release|Any CPU
		{FAB492B1-8872-41F1-D02C-7F4E933838E3}.Release|Any CPU.Build.0 = Release|Any CPU
	EndGlobalSection
	GlobalSection(SolutionProperties) = preSolution
		HideSolutionNode = FALSE
	EndGlobalSection
	GlobalSection(MonoDevelopProperties) = preSolution
		StartupItem = Assembly-CSharp.csproj
	EndGlobalSection
EndGlobal
